// !$*UTF8*$!
{
	archiveVersion = 1;
	classes = {
	};
	objectVersion = 46;
	objects = {

/* Begin PBXBuildFile section */
		B95CA78E1BE34BB000FB0C56 /* FriendSearchViewController.m in Sources */ = {isa = PBXBuildFile; fileRef = B95CA78D1BE34BB000FB0C56 /* FriendSearchViewController.m */; };
		B95CA7941BE34E2500FB0C56 /* TLSetting.m in Sources */ = {isa = PBXBuildFile; fileRef = B95CA7911BE34E2500FB0C56 /* TLSetting.m */; };
		B95CA7951BE34E2500FB0C56 /* User.m in Sources */ = {isa = PBXBuildFile; fileRef = B95CA7931BE34E2500FB0C56 /* User.m */; };
		B95CA7991BE34EDA00FB0C56 /* DetailsViewController.m in Sources */ = {isa = PBXBuildFile; fileRef = B95CA7981BE34EDA00FB0C56 /* DetailsViewController.m */; };
		B96A815D1BE8B0F0009FA2EB /* ChatViewController.m in Sources */ = {isa = PBXBuildFile; fileRef = B96A815C1BE8B0F0009FA2EB /* ChatViewController.m */; };
		B96A81601BE8BA41009FA2EB /* FriendsViewController.m in Sources */ = {isa = PBXBuildFile; fileRef = B96A815F1BE8BA41009FA2EB /* FriendsViewController.m */; };
		B96A81641BE8BF63009FA2EB /* FriendCell.m in Sources */ = {isa = PBXBuildFile; fileRef = B96A81631BE8BF63009FA2EB /* FriendCell.m */; };
		B980E0C11BE9ED7C00FFE741 /* DataHelper.m in Sources */ = {isa = PBXBuildFile; fileRef = B980E0C01BE9ED7C00FFE741 /* DataHelper.m */; };
		B9C0631B1BE0CC2F00433F42 /* main.m in Sources */ = {isa = PBXBuildFile; fileRef = B9C0631A1BE0CC2F00433F42 /* main.m */; };
		B9C0631E1BE0CC2F00433F42 /* AppDelegate.m in Sources */ = {isa = PBXBuildFile; fileRef = B9C0631D1BE0CC2F00433F42 /* AppDelegate.m */; };
		B9C063271BE0CC2F00433F42 /* AppUITemplate.xcdatamodeld in Sources */ = {isa = PBXBuildFile; fileRef = B9C063251BE0CC2F00433F42 /* AppUITemplate.xcdatamodeld */; };
		B9C063291BE0CC2F00433F42 /* Assets.xcassets in Resources */ = {isa = PBXBuildFile; fileRef = B9C063281BE0CC2F00433F42 /* Assets.xcassets */; };
		B9C0632C1BE0CC2F00433F42 /* LaunchScreen.storyboard in Resources */ = {isa = PBXBuildFile; fileRef = B9C0632A1BE0CC2F00433F42 /* LaunchScreen.storyboard */; };
		B9C063391BE0CD0500433F42 /* AppRootViewController.m in Sources */ = {isa = PBXBuildFile; fileRef = B9C063381BE0CD0500433F42 /* AppRootViewController.m */; };
		B9FD20451BE1EB2400784C96 /* CommonTableViewController.m in Sources */ = {isa = PBXBuildFile; fileRef = B9FD20441BE1EB2400784C96 /* CommonTableViewController.m */; };
		B9FD20491BE1EC0100784C96 /* ConversationViewController.m in Sources */ = {isa = PBXBuildFile; fileRef = B9FD20481BE1EC0100784C96 /* ConversationViewController.m */; };
		B9FD204D1BE1EE0600784C96 /* CommonNavigationViewController.m in Sources */ = {isa = PBXBuildFile; fileRef = B9FD204C1BE1EE0600784C96 /* CommonNavigationViewController.m */; };
		B9FD20611BE1EF5D00784C96 /* 0.jpg in Resources */ = {isa = PBXBuildFile; fileRef = B9FD20521BE1EF5D00784C96 /* 0.jpg */; };
		B9FD20621BE1EF5D00784C96 /* 1.jpg in Resources */ = {isa = PBXBuildFile; fileRef = B9FD20531BE1EF5D00784C96 /* 1.jpg */; };
		B9FD20631BE1EF5D00784C96 /* 10.jpeg in Resources */ = {isa = PBXBuildFile; fileRef = B9FD20541BE1EF5D00784C96 /* 10.jpeg */; };
		B9FD20641BE1EF5D00784C96 /* 11.jpg in Resources */ = {isa = PBXBuildFile; fileRef = B9FD20551BE1EF5D00784C96 /* 11.jpg */; };
		B9FD20651BE1EF5D00784C96 /* 12.jpg in Resources */ = {isa = PBXBuildFile; fileRef = B9FD20561BE1EF5D00784C96 /* 12.jpg */; };
		B9FD20661BE1EF5D00784C96 /* 2.jpg in Resources */ = {isa = PBXBuildFile; fileRef = B9FD20571BE1EF5D00784C96 /* 2.jpg */; };
		B9FD20671BE1EF5D00784C96 /* 4.jpg in Resources */ = {isa = PBXBuildFile; fileRef = B9FD20581BE1EF5D00784C96 /* 4.jpg */; };
		B9FD20681BE1EF5D00784C96 /* 7.jpg in Resources */ = {isa = PBXBuildFile; fileRef = B9FD20591BE1EF5D00784C96 /* 7.jpg */; };
		B9FD20691BE1EF5D00784C96 /* 8.jpg in Resources */ = {isa = PBXBuildFile; fileRef = B9FD205A1BE1EF5D00784C96 /* 8.jpg */; };
		B9FD206A1BE1EF5D00784C96 /* ChatVCImages.xcassets in Resources */ = {isa = PBXBuildFile; fileRef = B9FD205B1BE1EF5D00784C96 /* ChatVCImages.xcassets */; };
		B9FD206B1BE1EF5D00784C96 /* Discover.xcassets in Resources */ = {isa = PBXBuildFile; fileRef = B9FD205C1BE1EF5D00784C96 /* Discover.xcassets */; };
		B9FD206C1BE1EF5D00784C96 /* Friends.xcassets in Resources */ = {isa = PBXBuildFile; fileRef = B9FD205D1BE1EF5D00784C96 /* Friends.xcassets */; };
		B9FD206D1BE1EF5D00784C96 /* Images.xcassets in Resources */ = {isa = PBXBuildFile; fileRef = B9FD205E1BE1EF5D00784C96 /* Images.xcassets */; };
		B9FD206E1BE1EF5D00784C96 /* Mine.xcassets in Resources */ = {isa = PBXBuildFile; fileRef = B9FD205F1BE1EF5D00784C96 /* Mine.xcassets */; };
		B9FD206F1BE1EF5D00784C96 /* Weixin.xcassets in Resources */ = {isa = PBXBuildFile; fileRef = B9FD20601BE1EF5D00784C96 /* Weixin.xcassets */; };
		B9FD20721BE1F02100784C96 /* CommonViewController.m in Sources */ = {isa = PBXBuildFile; fileRef = B9FD20711BE1F02100784C96 /* CommonViewController.m */; };
		B9FD20791BE1F4C100784C96 /* CommonTableViewCell.m in Sources */ = {isa = PBXBuildFile; fileRef = B9FD20781BE1F4C100784C96 /* CommonTableViewCell.m */; };
		B9FD20891BE217C400784C96 /* NSString+TL.m in Sources */ = {isa = PBXBuildFile; fileRef = B9FD207D1BE217C400784C96 /* NSString+TL.m */; };
		B9FD208A1BE217C400784C96 /* UIDevice+TL.m in Sources */ = {isa = PBXBuildFile; fileRef = B9FD207F1BE217C400784C96 /* UIDevice+TL.m */; };
		B9FD208B1BE217C400784C96 /* UIImage+TL.m in Sources */ = {isa = PBXBuildFile; fileRef = B9FD20811BE217C400784C96 /* UIImage+TL.m */; };
		B9FD208C1BE217C400784C96 /* UIView+TL.m in Sources */ = {isa = PBXBuildFile; fileRef = B9FD20831BE217C400784C96 /* UIView+TL.m */; };
		B9FD208D1BE217C400784C96 /* iOSAppTemplate.xcdatamodeld in Sources */ = {isa = PBXBuildFile; fileRef = B9FD20851BE217C400784C96 /* iOSAppTemplate.xcdatamodeld */; };
		B9FD208E1BE217C400784C96 /* IAT.plist in Resources */ = {isa = PBXBuildFile; fileRef = B9FD20881BE217C400784C96 /* IAT.plist */; };
		B9FD20981BE2184E00784C96 /* common.m in Sources */ = {isa = PBXBuildFile; fileRef = B9FD20901BE2184E00784C96 /* common.m */; };
		B9FD209E1BE219AD00784C96 /* ConversationCell.m in Sources */ = {isa = PBXBuildFile; fileRef = B9FD209D1BE219AD00784C96 /* ConversationCell.m */; };
		B9FD20A21BE21B9200784C96 /* Conversation.m in Sources */ = {isa = PBXBuildFile; fileRef = B9FD20A11BE21B9200784C96 /* Conversation.m */; };
/* End PBXBuildFile section */

/* Begin PBXFileReference section */
		B95CA78C1BE34BB000FB0C56 /* FriendSearchViewController.h */ = {isa = PBXFileReference; fileEncoding = 4; lastKnownFileType = sourcecode.c.h; name = FriendSearchViewController.h; path = ../FriendSearchViewController.h; sourceTree = "<group>"; };
		B95CA78D1BE34BB000FB0C56 /* FriendSearchViewController.m */ = {isa = PBXFileReference; fileEncoding = 4; lastKnownFileType = sourcecode.c.objc; name = FriendSearchViewController.m; path = ../FriendSearchViewController.m; sourceTree = "<group>"; };
		B95CA7901BE34E2500FB0C56 /* TLSetting.h */ = {isa = PBXFileReference; fileEncoding = 4; lastKnownFileType = sourcecode.c.h; path = TLSetting.h; sourceTree = "<group>"; };
		B95CA7911BE34E2500FB0C56 /* TLSetting.m */ = {isa = PBXFileReference; fileEncoding = 4; lastKnownFileType = sourcecode.c.objc; path = TLSetting.m; sourceTree = "<group>"; };
		B95CA7921BE34E2500FB0C56 /* User.h */ = {isa = PBXFileReference; fileEncoding = 4; lastKnownFileType = sourcecode.c.h; path = User.h; sourceTree = "<group>"; };
		B95CA7931BE34E2500FB0C56 /* User.m */ = {isa = PBXFileReference; fileEncoding = 4; lastKnownFileType = sourcecode.c.objc; path = User.m; sourceTree = "<group>"; };
		B95CA7971BE34EDA00FB0C56 /* DetailsViewController.h */ = {isa = PBXFileReference; fileEncoding = 4; lastKnownFileType = sourcecode.c.h; path = DetailsViewController.h; sourceTree = "<group>"; };
		B95CA7981BE34EDA00FB0C56 /* DetailsViewController.m */ = {isa = PBXFileReference; fileEncoding = 4; lastKnownFileType = sourcecode.c.objc; path = DetailsViewController.m; sourceTree = "<group>"; };
		B96A815B1BE8B0F0009FA2EB /* ChatViewController.h */ = {isa = PBXFileReference; fileEncoding = 4; lastKnownFileType = sourcecode.c.h; path = ChatViewController.h; sourceTree = "<group>"; };
		B96A815C1BE8B0F0009FA2EB /* ChatViewController.m */ = {isa = PBXFileReference; fileEncoding = 4; lastKnownFileType = sourcecode.c.objc; path = ChatViewController.m; sourceTree = "<group>"; };
		B96A815E1BE8BA41009FA2EB /* FriendsViewController.h */ = {isa = PBXFileReference; fileEncoding = 4; lastKnownFileType = sourcecode.c.h; path = FriendsViewController.h; sourceTree = "<group>"; };
		B96A815F1BE8BA41009FA2EB /* FriendsViewController.m */ = {isa = PBXFileReference; fileEncoding = 4; lastKnownFileType = sourcecode.c.objc; path = FriendsViewController.m; sourceTree = "<group>"; };
		B96A81621BE8BF63009FA2EB /* FriendCell.h */ = {isa = PBXFileReference; fileEncoding = 4; lastKnownFileType = sourcecode.c.h; path = FriendCell.h; sourceTree = "<group>"; };
		B96A81631BE8BF63009FA2EB /* FriendCell.m */ = {isa = PBXFileReference; fileEncoding = 4; lastKnownFileType = sourcecode.c.objc; path = FriendCell.m; sourceTree = "<group>"; };
		B980E0BF1BE9ED7C00FFE741 /* DataHelper.h */ = {isa = PBXFileReference; fileEncoding = 4; lastKnownFileType = sourcecode.c.h; name = DataHelper.h; path = Helper/DataHelper.h; sourceTree = SOURCE_ROOT; };
		B980E0C01BE9ED7C00FFE741 /* DataHelper.m */ = {isa = PBXFileReference; fileEncoding = 4; lastKnownFileType = sourcecode.c.objc; name = DataHelper.m; path = Helper/DataHelper.m; sourceTree = SOURCE_ROOT; };
		B9C063161BE0CC2F00433F42 /* AppUITemplate.app */ = {isa = PBXFileReference; explicitFileType = wrapper.application; includeInIndex = 0; path = AppUITemplate.app; sourceTree = BUILT_PRODUCTS_DIR; };
		B9C0631A1BE0CC2F00433F42 /* main.m */ = {isa = PBXFileReference; lastKnownFileType = sourcecode.c.objc; path = main.m; sourceTree = "<group>"; };
		B9C0631C1BE0CC2F00433F42 /* AppDelegate.h */ = {isa = PBXFileReference; lastKnownFileType = sourcecode.c.h; path = AppDelegate.h; sourceTree = "<group>"; };
		B9C0631D1BE0CC2F00433F42 /* AppDelegate.m */ = {isa = PBXFileReference; lastKnownFileType = sourcecode.c.objc; path = AppDelegate.m; sourceTree = "<group>"; };
		B9C063261BE0CC2F00433F42 /* AppUITemplate.xcdatamodel */ = {isa = PBXFileReference; lastKnownFileType = wrapper.xcdatamodel; path = AppUITemplate.xcdatamodel; sourceTree = "<group>"; };
		B9C063281BE0CC2F00433F42 /* Assets.xcassets */ = {isa = PBXFileReference; lastKnownFileType = folder.assetcatalog; path = Assets.xcassets; sourceTree = "<group>"; };
		B9C0632B1BE0CC2F00433F42 /* Base */ = {isa = PBXFileReference; lastKnownFileType = file.storyboard; name = Base; path = Base.lproj/LaunchScreen.storyboard; sourceTree = "<group>"; };
		B9C0632D1BE0CC2F00433F42 /* Info.plist */ = {isa = PBXFileReference; lastKnownFileType = text.plist.xml; path = Info.plist; sourceTree = "<group>"; };
		B9C063371BE0CD0500433F42 /* AppRootViewController.h */ = {isa = PBXFileReference; fileEncoding = 4; lastKnownFileType = sourcecode.c.h; name = AppRootViewController.h; path = Controllers/AppRootViewController.h; sourceTree = "<group>"; };
		B9C063381BE0CD0500433F42 /* AppRootViewController.m */ = {isa = PBXFileReference; fileEncoding = 4; lastKnownFileType = sourcecode.c.objc; name = AppRootViewController.m; path = Controllers/AppRootViewController.m; sourceTree = "<group>"; };
		B9FD203D1BE1E59100784C96 /* macros.h */ = {isa = PBXFileReference; fileEncoding = 4; lastKnownFileType = sourcecode.c.h; path = macros.h; sourceTree = "<group>"; };
		B9FD203E1BE1E5DB00784C96 /* PrefixHeader.pch */ = {isa = PBXFileReference; lastKnownFileType = sourcecode.c.h; path = PrefixHeader.pch; sourceTree = "<group>"; };
		B9FD20431BE1EB2400784C96 /* CommonTableViewController.h */ = {isa = PBXFileReference; fileEncoding = 4; lastKnownFileType = sourcecode.c.h; name = CommonTableViewController.h; path = Controllers/CommonVC/CommonTableViewController.h; sourceTree = "<group>"; };
		B9FD20441BE1EB2400784C96 /* CommonTableViewController.m */ = {isa = PBXFileReference; fileEncoding = 4; lastKnownFileType = sourcecode.c.objc; name = CommonTableViewController.m; path = Controllers/CommonVC/CommonTableViewController.m; sourceTree = "<group>"; };
		B9FD20471BE1EC0100784C96 /* ConversationViewController.h */ = {isa = PBXFileReference; fileEncoding = 4; lastKnownFileType = sourcecode.c.h; name = ConversationViewController.h; path = Controllers/ConversationVC/ConversationViewController.h; sourceTree = "<group>"; };
		B9FD20481BE1EC0100784C96 /* ConversationViewController.m */ = {isa = PBXFileReference; fileEncoding = 4; lastKnownFileType = sourcecode.c.objc; name = ConversationViewController.m; path = Controllers/ConversationVC/ConversationViewController.m; sourceTree = "<group>"; };
		B9FD204B1BE1EE0600784C96 /* CommonNavigationViewController.h */ = {isa = PBXFileReference; fileEncoding = 4; lastKnownFileType = sourcecode.c.h; name = CommonNavigationViewController.h; path = Controllers/CommonVC/CommonNavigationViewController.h; sourceTree = "<group>"; };
		B9FD204C1BE1EE0600784C96 /* CommonNavigationViewController.m */ = {isa = PBXFileReference; fileEncoding = 4; lastKnownFileType = sourcecode.c.objc; name = CommonNavigationViewController.m; path = Controllers/CommonVC/CommonNavigationViewController.m; sourceTree = "<group>"; };
		B9FD20521BE1EF5D00784C96 /* 0.jpg */ = {isa = PBXFileReference; lastKnownFileType = image.jpeg; path = 0.jpg; sourceTree = "<group>"; };
		B9FD20531BE1EF5D00784C96 /* 1.jpg */ = {isa = PBXFileReference; lastKnownFileType = image.jpeg; path = 1.jpg; sourceTree = "<group>"; };
		B9FD20541BE1EF5D00784C96 /* 10.jpeg */ = {isa = PBXFileReference; lastKnownFileType = image.jpeg; path = 10.jpeg; sourceTree = "<group>"; };
		B9FD20551BE1EF5D00784C96 /* 11.jpg */ = {isa = PBXFileReference; lastKnownFileType = image.jpeg; path = 11.jpg; sourceTree = "<group>"; };
		B9FD20561BE1EF5D00784C96 /* 12.jpg */ = {isa = PBXFileReference; lastKnownFileType = image.jpeg; path = 12.jpg; sourceTree = "<group>"; };
		B9FD20571BE1EF5D00784C96 /* 2.jpg */ = {isa = PBXFileReference; lastKnownFileType = image.jpeg; path = 2.jpg; sourceTree = "<group>"; };
		B9FD20581BE1EF5D00784C96 /* 4.jpg */ = {isa = PBXFileReference; lastKnownFileType = image.jpeg; path = 4.jpg; sourceTree = "<group>"; };
		B9FD20591BE1EF5D00784C96 /* 7.jpg */ = {isa = PBXFileReference; lastKnownFileType = image.jpeg; path = 7.jpg; sourceTree = "<group>"; };
		B9FD205A1BE1EF5D00784C96 /* 8.jpg */ = {isa = PBXFileReference; lastKnownFileType = image.jpeg; path = 8.jpg; sourceTree = "<group>"; };
		B9FD205B1BE1EF5D00784C96 /* ChatVCImages.xcassets */ = {isa = PBXFileReference; lastKnownFileType = folder.assetcatalog; path = ChatVCImages.xcassets; sourceTree = "<group>"; };
		B9FD205C1BE1EF5D00784C96 /* Discover.xcassets */ = {isa = PBXFileReference; lastKnownFileType = folder.assetcatalog; path = Discover.xcassets; sourceTree = "<group>"; };
		B9FD205D1BE1EF5D00784C96 /* Friends.xcassets */ = {isa = PBXFileReference; lastKnownFileType = folder.assetcatalog; path = Friends.xcassets; sourceTree = "<group>"; };
		B9FD205E1BE1EF5D00784C96 /* Images.xcassets */ = {isa = PBXFileReference; lastKnownFileType = folder.assetcatalog; path = Images.xcassets; sourceTree = "<group>"; };
		B9FD205F1BE1EF5D00784C96 /* Mine.xcassets */ = {isa = PBXFileReference; lastKnownFileType = folder.assetcatalog; path = Mine.xcassets; sourceTree = "<group>"; };
		B9FD20601BE1EF5D00784C96 /* Weixin.xcassets */ = {isa = PBXFileReference; lastKnownFileType = folder.assetcatalog; path = Weixin.xcassets; sourceTree = "<group>"; };
		B9FD20701BE1F02100784C96 /* CommonViewController.h */ = {isa = PBXFileReference; fileEncoding = 4; lastKnownFileType = sourcecode.c.h; name = CommonViewController.h; path = Controllers/CommonVC/CommonViewController.h; sourceTree = "<group>"; };
		B9FD20711BE1F02100784C96 /* CommonViewController.m */ = {isa = PBXFileReference; fileEncoding = 4; lastKnownFileType = sourcecode.c.objc; name = CommonViewController.m; path = Controllers/CommonVC/CommonViewController.m; sourceTree = "<group>"; };
		B9FD20771BE1F4C100784C96 /* CommonTableViewCell.h */ = {isa = PBXFileReference; fileEncoding = 4; lastKnownFileType = sourcecode.c.h; path = CommonTableViewCell.h; sourceTree = "<group>"; };
		B9FD20781BE1F4C100784C96 /* CommonTableViewCell.m */ = {isa = PBXFileReference; fileEncoding = 4; lastKnownFileType = sourcecode.c.objc; path = CommonTableViewCell.m; sourceTree = "<group>"; };
		B9FD207C1BE217C400784C96 /* NSString+TL.h */ = {isa = PBXFileReference; fileEncoding = 4; lastKnownFileType = sourcecode.c.h; path = "NSString+TL.h"; sourceTree = "<group>"; };
		B9FD207D1BE217C400784C96 /* NSString+TL.m */ = {isa = PBXFileReference; fileEncoding = 4; lastKnownFileType = sourcecode.c.objc; path = "NSString+TL.m"; sourceTree = "<group>"; };
		B9FD207E1BE217C400784C96 /* UIDevice+TL.h */ = {isa = PBXFileReference; fileEncoding = 4; lastKnownFileType = sourcecode.c.h; path = "UIDevice+TL.h"; sourceTree = "<group>"; };
		B9FD207F1BE217C400784C96 /* UIDevice+TL.m */ = {isa = PBXFileReference; fileEncoding = 4; lastKnownFileType = sourcecode.c.objc; path = "UIDevice+TL.m"; sourceTree = "<group>"; };
		B9FD20801BE217C400784C96 /* UIImage+TL.h */ = {isa = PBXFileReference; fileEncoding = 4; lastKnownFileType = sourcecode.c.h; path = "UIImage+TL.h"; sourceTree = "<group>"; };
		B9FD20811BE217C400784C96 /* UIImage+TL.m */ = {isa = PBXFileReference; fileEncoding = 4; lastKnownFileType = sourcecode.c.objc; path = "UIImage+TL.m"; sourceTree = "<group>"; };
		B9FD20821BE217C400784C96 /* UIView+TL.h */ = {isa = PBXFileReference; fileEncoding = 4; lastKnownFileType = sourcecode.c.h; path = "UIView+TL.h"; sourceTree = "<group>"; };
		B9FD20831BE217C400784C96 /* UIView+TL.m */ = {isa = PBXFileReference; fileEncoding = 4; lastKnownFileType = sourcecode.c.objc; path = "UIView+TL.m"; sourceTree = "<group>"; };
		B9FD20861BE217C400784C96 /* iOSAppTemplate.xcdatamodel */ = {isa = PBXFileReference; lastKnownFileType = wrapper.xcdatamodel; path = iOSAppTemplate.xcdatamodel; sourceTree = "<group>"; };
		B9FD20881BE217C400784C96 /* IAT.plist */ = {isa = PBXFileReference; fileEncoding = 4; lastKnownFileType = text.plist.xml; path = IAT.plist; sourceTree = "<group>"; };
		B9FD208F1BE2184E00784C96 /* common.h */ = {isa = PBXFileReference; fileEncoding = 4; lastKnownFileType = sourcecode.c.h; path = common.h; sourceTree = "<group>"; };
		B9FD20901BE2184E00784C96 /* common.m */ = {isa = PBXFileReference; fileEncoding = 4; lastKnownFileType = sourcecode.c.objc; path = common.m; sourceTree = "<group>"; };
		B9FD20911BE2184E00784C96 /* enumerate.h */ = {isa = PBXFileReference; fileEncoding = 4; lastKnownFileType = sourcecode.c.h; path = enumerate.h; sourceTree = "<group>"; };
		B9FD209C1BE219AD00784C96 /* ConversationCell.h */ = {isa = PBXFileReference; fileEncoding = 4; lastKnownFileType = sourcecode.c.h; path = ConversationCell.h; sourceTree = "<group>"; };
		B9FD209D1BE219AD00784C96 /* ConversationCell.m */ = {isa = PBXFileReference; fileEncoding = 4; lastKnownFileType = sourcecode.c.objc; path = ConversationCell.m; sourceTree = "<group>"; };
		B9FD20A01BE21B9200784C96 /* Conversation.h */ = {isa = PBXFileReference; fileEncoding = 4; lastKnownFileType = sourcecode.c.h; path = Conversation.h; sourceTree = "<group>"; };
		B9FD20A11BE21B9200784C96 /* Conversation.m */ = {isa = PBXFileReference; fileEncoding = 4; lastKnownFileType = sourcecode.c.objc; path = Conversation.m; sourceTree = "<group>"; };
/* End PBXFileReference section */

/* Begin PBXFrameworksBuildPhase section */
		B9C063131BE0CC2F00433F42 /* Frameworks */ = {
			isa = PBXFrameworksBuildPhase;
			buildActionMask = 2147483647;
			files = (
			);
			runOnlyForDeploymentPostprocessing = 0;
		};
/* End PBXFrameworksBuildPhase section */

/* Begin PBXGroup section */
		B95CA78B1BE34B8B00FB0C56 /* FriendListVC */ = {
			isa = PBXGroup;
			children = (
				B95CA78F1BE34C7200FB0C56 /* FriendSearchVC */,
				B96A815E1BE8BA41009FA2EB /* FriendsViewController.h */,
				B96A815F1BE8BA41009FA2EB /* FriendsViewController.m */,
			);
			name = FriendListVC;
			path = Controllers/FriendListVC;
			sourceTree = "<group>";
		};
		B95CA78F1BE34C7200FB0C56 /* FriendSearchVC */ = {
			isa = PBXGroup;
			children = (
				B95CA78C1BE34BB000FB0C56 /* FriendSearchViewController.h */,
				B95CA78D1BE34BB000FB0C56 /* FriendSearchViewController.m */,
			);
			path = FriendSearchVC;
			sourceTree = "<group>";
		};
		B95CA7961BE34EAA00FB0C56 /* DetailsVC */ = {
			isa = PBXGroup;
			children = (
				B95CA7971BE34EDA00FB0C56 /* DetailsViewController.h */,
				B95CA7981BE34EDA00FB0C56 /* DetailsViewController.m */,
			);
			name = DetailsVC;
			path = Controllers/DetailsVC;
			sourceTree = "<group>";
		};
		B96A815A1BE8B0C8009FA2EB /* ChatVC */ = {
			isa = PBXGroup;
			children = (
				B96A815B1BE8B0F0009FA2EB /* ChatViewController.h */,
				B96A815C1BE8B0F0009FA2EB /* ChatViewController.m */,
			);
			name = ChatVC;
			path = Controllers/ChatVC;
			sourceTree = "<group>";
		};
		B96A81611BE8BD3E009FA2EB /* Friends */ = {
			isa = PBXGroup;
			children = (
				B96A81621BE8BF63009FA2EB /* FriendCell.h */,
				B96A81631BE8BF63009FA2EB /* FriendCell.m */,
			);
			path = Friends;
			sourceTree = "<group>";
		};
		B9C0630D1BE0CC2F00433F42 = {
			isa = PBXGroup;
			children = (
				B9C063181BE0CC2F00433F42 /* AppUITemplate */,
				B9C063171BE0CC2F00433F42 /* Products */,
			);
			sourceTree = "<group>";
		};
		B9C063171BE0CC2F00433F42 /* Products */ = {
			isa = PBXGroup;
			children = (
				B9C063161BE0CC2F00433F42 /* AppUITemplate.app */,
			);
			name = Products;
			sourceTree = "<group>";
		};
		B9C063181BE0CC2F00433F42 /* AppUITemplate */ = {
			isa = PBXGroup;
			children = (
				B9FD209F1BE21B6A00784C96 /* Models */,
				B9FD207A1BE217C400784C96 /* Extensions */,
				B9FD20731BE1F49600784C96 /* View */,
				B9FD20501BE1EF5D00784C96 /* Resource */,
				B9FD203B1BE1E53B00784C96 /* Helper */,
				B9C063331BE0CC8500433F42 /* Controllers */,
				B9C063191BE0CC2F00433F42 /* Supporting Files */,
				B9C0631C1BE0CC2F00433F42 /* AppDelegate.h */,
				B9C0631D1BE0CC2F00433F42 /* AppDelegate.m */,
			);
			path = AppUITemplate;
			sourceTree = "<group>";
		};
		B9C063191BE0CC2F00433F42 /* Supporting Files */ = {
			isa = PBXGroup;
			children = (
				B9C063281BE0CC2F00433F42 /* Assets.xcassets */,
				B9C0632A1BE0CC2F00433F42 /* LaunchScreen.storyboard */,
				B9C0632D1BE0CC2F00433F42 /* Info.plist */,
				B9C063251BE0CC2F00433F42 /* AppUITemplate.xcdatamodeld */,
				B9C0631A1BE0CC2F00433F42 /* main.m */,
				B9FD203E1BE1E5DB00784C96 /* PrefixHeader.pch */,
			);
			name = "Supporting Files";
			sourceTree = "<group>";
		};
		B9C063331BE0CC8500433F42 /* Controllers */ = {
			isa = PBXGroup;
			children = (
				B96A815A1BE8B0C8009FA2EB /* ChatVC */,
				B95CA7961BE34EAA00FB0C56 /* DetailsVC */,
				B95CA78B1BE34B8B00FB0C56 /* FriendListVC */,
				B9FD204A1BE1EC0800784C96 /* ConversationVC */,
				B9FD20461BE1EB2800784C96 /* CommonVC */,
				B9C063371BE0CD0500433F42 /* AppRootViewController.h */,
				B9C063381BE0CD0500433F42 /* AppRootViewController.m */,
			);
			name = Controllers;
			sourceTree = "<group>";
		};
		B9FD203B1BE1E53B00784C96 /* Helper */ = {
			isa = PBXGroup;
			children = (
				B9FD208F1BE2184E00784C96 /* common.h */,
				B9FD20901BE2184E00784C96 /* common.m */,
				B9FD20911BE2184E00784C96 /* enumerate.h */,
				B9FD203D1BE1E59100784C96 /* macros.h */,
				B980E0BF1BE9ED7C00FFE741 /* DataHelper.h */,
				B980E0C01BE9ED7C00FFE741 /* DataHelper.m */,
			);
			name = Helper;
			sourceTree = "<group>";
		};
		B9FD20461BE1EB2800784C96 /* CommonVC */ = {
			isa = PBXGroup;
			children = (
				B9FD20431BE1EB2400784C96 /* CommonTableViewController.h */,
				B9FD20441BE1EB2400784C96 /* CommonTableViewController.m */,
				B9FD204B1BE1EE0600784C96 /* CommonNavigationViewController.h */,
				B9FD204C1BE1EE0600784C96 /* CommonNavigationViewController.m */,
				B9FD20701BE1F02100784C96 /* CommonViewController.h */,
				B9FD20711BE1F02100784C96 /* CommonViewController.m */,
			);
			name = CommonVC;
			sourceTree = "<group>";
		};
		B9FD204A1BE1EC0800784C96 /* ConversationVC */ = {
			isa = PBXGroup;
			children = (
				B9FD20471BE1EC0100784C96 /* ConversationViewController.h */,
				B9FD20481BE1EC0100784C96 /* ConversationViewController.m */,
			);
			name = ConversationVC;
			sourceTree = "<group>";
		};
		B9FD20501BE1EF5D00784C96 /* Resource */ = {
			isa = PBXGroup;
			children = (
				B9FD20511BE1EF5D00784C96 /* images */,
			);
			path = Resource;
			sourceTree = "<group>";
		};
		B9FD20511BE1EF5D00784C96 /* images */ = {
			isa = PBXGroup;
			children = (
				B9FD20521BE1EF5D00784C96 /* 0.jpg */,
				B9FD20531BE1EF5D00784C96 /* 1.jpg */,
				B9FD20541BE1EF5D00784C96 /* 10.jpeg */,
				B9FD20551BE1EF5D00784C96 /* 11.jpg */,
				B9FD20561BE1EF5D00784C96 /* 12.jpg */,
				B9FD20571BE1EF5D00784C96 /* 2.jpg */,
				B9FD20581BE1EF5D00784C96 /* 4.jpg */,
				B9FD20591BE1EF5D00784C96 /* 7.jpg */,
				B9FD205A1BE1EF5D00784C96 /* 8.jpg */,
				B9FD205B1BE1EF5D00784C96 /* ChatVCImages.xcassets */,
				B9FD205C1BE1EF5D00784C96 /* Discover.xcassets */,
				B9FD205D1BE1EF5D00784C96 /* Friends.xcassets */,
				B9FD205E1BE1EF5D00784C96 /* Images.xcassets */,
				B9FD205F1BE1EF5D00784C96 /* Mine.xcassets */,
				B9FD20601BE1EF5D00784C96 /* Weixin.xcassets */,
			);
			path = images;
			sourceTree = "<group>";
		};
		B9FD20731BE1F49600784C96 /* View */ = {
			isa = PBXGroup;
			children = (
				B96A81611BE8BD3E009FA2EB /* Friends */,
				B9FD20741BE1F49600784C96 /* Common */,
				B9FD20751BE1F49600784C96 /* Conversation */,
				B9FD20761BE1F49600784C96 /* Founction */,
			);
			path = View;
			sourceTree = "<group>";
		};
		B9FD20741BE1F49600784C96 /* Common */ = {
			isa = PBXGroup;
			children = (
				B9FD20771BE1F4C100784C96 /* CommonTableViewCell.h */,
				B9FD20781BE1F4C100784C96 /* CommonTableViewCell.m */,
			);
			path = Common;
			sourceTree = "<group>";
		};
		B9FD20751BE1F49600784C96 /* Conversation */ = {
			isa = PBXGroup;
			children = (
				B9FD209C1BE219AD00784C96 /* ConversationCell.h */,
				B9FD209D1BE219AD00784C96 /* ConversationCell.m */,
			);
			path = Conversation;
			sourceTree = "<group>";
		};
		B9FD20761BE1F49600784C96 /* Founction */ = {
			isa = PBXGroup;
			children = (
			);
			path = Founction;
			sourceTree = "<group>";
		};
		B9FD207A1BE217C400784C96 /* Extensions */ = {
			isa = PBXGroup;
			children = (
				B9FD207B1BE217C400784C96 /* Category */,
				B9FD20841BE217C400784C96 /* Database */,
				B9FD20871BE217C400784C96 /* Plist */,
			);
			path = Extensions;
			sourceTree = "<group>";
		};
		B9FD207B1BE217C400784C96 /* Category */ = {
			isa = PBXGroup;
			children = (
				B9FD207C1BE217C400784C96 /* NSString+TL.h */,
				B9FD207D1BE217C400784C96 /* NSString+TL.m */,
				B9FD207E1BE217C400784C96 /* UIDevice+TL.h */,
				B9FD207F1BE217C400784C96 /* UIDevice+TL.m */,
				B9FD20801BE217C400784C96 /* UIImage+TL.h */,
				B9FD20811BE217C400784C96 /* UIImage+TL.m */,
				B9FD20821BE217C400784C96 /* UIView+TL.h */,
				B9FD20831BE217C400784C96 /* UIView+TL.m */,
			);
			path = Category;
			sourceTree = "<group>";
		};
		B9FD20841BE217C400784C96 /* Database */ = {
			isa = PBXGroup;
			children = (
				B9FD20851BE217C400784C96 /* iOSAppTemplate.xcdatamodeld */,
			);
			path = Database;
			sourceTree = "<group>";
		};
		B9FD20871BE217C400784C96 /* Plist */ = {
			isa = PBXGroup;
			children = (
				B9FD20881BE217C400784C96 /* IAT.plist */,
			);
			path = Plist;
			sourceTree = "<group>";
		};
		B9FD209F1BE21B6A00784C96 /* Models */ = {
			isa = PBXGroup;
			children = (
				B95CA7901BE34E2500FB0C56 /* TLSetting.h */,
				B95CA7911BE34E2500FB0C56 /* TLSetting.m */,
				B95CA7921BE34E2500FB0C56 /* User.h */,
				B95CA7931BE34E2500FB0C56 /* User.m */,
				B9FD20A01BE21B9200784C96 /* Conversation.h */,
				B9FD20A11BE21B9200784C96 /* Conversation.m */,
			);
			path = Models;
			sourceTree = "<group>";
		};
/* End PBXGroup section */

/* Begin PBXNativeTarget section */
		B9C063151BE0CC2F00433F42 /* AppUITemplate */ = {
			isa = PBXNativeTarget;
			buildConfigurationList = B9C063301BE0CC2F00433F42 /* Build configuration list for PBXNativeTarget "AppUITemplate" */;
			buildPhases = (
				B9C063121BE0CC2F00433F42 /* Sources */,
				B9C063131BE0CC2F00433F42 /* Frameworks */,
				B9C063141BE0CC2F00433F42 /* Resources */,
			);
			buildRules = (
			);
			dependencies = (
			);
			name = AppUITemplate;
			productName = AppUITemplate;
			productReference = B9C063161BE0CC2F00433F42 /* AppUITemplate.app */;
			productType = "com.apple.product-type.application";
		};
/* End PBXNativeTarget section */

/* Begin PBXProject section */
		B9C0630E1BE0CC2F00433F42 /* Project object */ = {
			isa = PBXProject;
			attributes = {
				LastUpgradeCheck = 0710;
				ORGANIZATIONNAME = "楚广明";
				TargetAttributes = {
					B9C063151BE0CC2F00433F42 = {
						CreatedOnToolsVersion = 7.1;
						DevelopmentTeam = Y74CLK4RJ3;
					};
				};
			};
			buildConfigurationList = B9C063111BE0CC2F00433F42 /* Build configuration list for PBXProject "AppUITemplate" */;
			compatibilityVersion = "Xcode 3.2";
			developmentRegion = English;
			hasScannedForEncodings = 0;
			knownRegions = (
				en,
				Base,
			);
			mainGroup = B9C0630D1BE0CC2F00433F42;
			productRefGroup = B9C063171BE0CC2F00433F42 /* Products */;
			projectDirPath = "";
			projectRoot = "";
			targets = (
				B9C063151BE0CC2F00433F42 /* AppUITemplate */,
			);
		};
/* End PBXProject section */

/* Begin PBXResourcesBuildPhase section */
		B9C063141BE0CC2F00433F42 /* Resources */ = {
			isa = PBXResourcesBuildPhase;
			buildActionMask = 2147483647;
			files = (
				B9FD206A1BE1EF5D00784C96 /* ChatVCImages.xcassets in Resources */,
				B9FD206D1BE1EF5D00784C96 /* Images.xcassets in Resources */,
				B9FD20691BE1EF5D00784C96 /* 8.jpg in Resources */,
				B9FD206B1BE1EF5D00784C96 /* Discover.xcassets in Resources */,
				B9FD20681BE1EF5D00784C96 /* 7.jpg in Resources */,
				B9FD20651BE1EF5D00784C96 /* 12.jpg in Resources */,
				B9FD20631BE1EF5D00784C96 /* 10.jpeg in Resources */,
				B9FD20611BE1EF5D00784C96 /* 0.jpg in Resources */,
				B9FD206E1BE1EF5D00784C96 /* Mine.xcassets in Resources */,
				B9FD20661BE1EF5D00784C96 /* 2.jpg in Resources */,
				B9C0632C1BE0CC2F00433F42 /* LaunchScreen.storyboard in Resources */,
				B9C063291BE0CC2F00433F42 /* Assets.xcassets in Resources */,
				B9FD20641BE1EF5D00784C96 /* 11.jpg in Resources */,
				B9FD208E1BE217C400784C96 /* IAT.plist in Resources */,
				B9FD20671BE1EF5D00784C96 /* 4.jpg in Resources */,
				B9FD20621BE1EF5D00784C96 /* 1.jpg in Resources */,
				B9FD206C1BE1EF5D00784C96 /* Friends.xcassets in Resources */,
				B9FD206F1BE1EF5D00784C96 /* Weixin.xcassets in Resources */,
			);
			runOnlyForDeploymentPostprocessing = 0;
		};
/* End PBXResourcesBuildPhase section */

/* Begin PBXSourcesBuildPhase section */
		B9C063121BE0CC2F00433F42 /* Sources */ = {
			isa = PBXSourcesBuildPhase;
			buildActionMask = 2147483647;
			files = (
				B9C063391BE0CD0500433F42 /* AppRootViewController.m in Sources */,
				B9FD20491BE1EC0100784C96 /* ConversationViewController.m in Sources */,
				B9FD20451BE1EB2400784C96 /* CommonTableViewController.m in Sources */,
				B95CA7941BE34E2500FB0C56 /* TLSetting.m in Sources */,
				B96A815D1BE8B0F0009FA2EB /* ChatViewController.m in Sources */,
				B980E0C11BE9ED7C00FFE741 /* DataHelper.m in Sources */,
				B9FD208B1BE217C400784C96 /* UIImage+TL.m in Sources */,
				B95CA78E1BE34BB000FB0C56 /* FriendSearchViewController.m in Sources */,
				B9FD208C1BE217C400784C96 /* UIView+TL.m in Sources */,
				B9FD208A1BE217C400784C96 /* UIDevice+TL.m in Sources */,
				B9FD20891BE217C400784C96 /* NSString+TL.m in Sources */,
				B9FD20A21BE21B9200784C96 /* Conversation.m in Sources */,
				B9FD208D1BE217C400784C96 /* iOSAppTemplate.xcdatamodeld in Sources */,
				B9FD209E1BE219AD00784C96 /* ConversationCell.m in Sources */,
				B9FD20791BE1F4C100784C96 /* CommonTableViewCell.m in Sources */,
				B9C063271BE0CC2F00433F42 /* AppUITemplate.xcdatamodeld in Sources */,
				B96A81641BE8BF63009FA2EB /* FriendCell.m in Sources */,
				B95CA7951BE34E2500FB0C56 /* User.m in Sources */,
				B96A81601BE8BA41009FA2EB /* FriendsViewController.m in Sources */,
				B9C0631E1BE0CC2F00433F42 /* AppDelegate.m in Sources */,
				B9FD20981BE2184E00784C96 /* common.m in Sources */,
				B9FD204D1BE1EE0600784C96 /* CommonNavigationViewController.m in Sources */,
				B95CA7991BE34EDA00FB0C56 /* DetailsViewController.m in Sources */,
				B9C0631B1BE0CC2F00433F42 /* main.m in Sources */,
				B9FD20721BE1F02100784C96 /* CommonViewController.m in Sources */,
			);
			runOnlyForDeploymentPostprocessing = 0;
		};
/* End PBXSourcesBuildPhase section */

/* Begin PBXVariantGroup section */
		B9C0632A1BE0CC2F00433F42 /* LaunchScreen.storyboard */ = {
			isa = PBXVariantGroup;
			children = (
				B9C0632B1BE0CC2F00433F42 /* Base */,
			);
			name = LaunchScreen.storyboard;
			sourceTree = "<group>";
		};
/* End PBXVariantGroup section */

/* Begin XCBuildConfiguration section */
		B9C0632E1BE0CC2F00433F42 /* Debug */ = {
			isa = XCBuildConfiguration;
			buildSettings = {
				ALWAYS_SEARCH_USER_PATHS = NO;
				CLANG_CXX_LANGUAGE_STANDARD = "gnu++0x";
				CLANG_CXX_LIBRARY = "libc++";
				CLANG_ENABLE_MODULES = YES;
				CLANG_ENABLE_OBJC_ARC = YES;
				CLANG_WARN_BOOL_CONVERSION = YES;
				CLANG_WARN_CONSTANT_CONVERSION = YES;
				CLANG_WARN_DIRECT_OBJC_ISA_USAGE = YES_ERROR;
				CLANG_WARN_EMPTY_BODY = YES;
				CLANG_WARN_ENUM_CONVERSION = YES;
				CLANG_WARN_INT_CONVERSION = YES;
				CLANG_WARN_OBJC_ROOT_CLASS = YES_ERROR;
				CLANG_WARN_UNREACHABLE_CODE = YES;
				CLANG_WARN__DUPLICATE_METHOD_MATCH = YES;
				"CODE_SIGN_IDENTITY[sdk=iphoneos*]" = "iPhone Developer";
				COPY_PHASE_STRIP = NO;
				DEBUG_INFORMATION_FORMAT = dwarf;
				ENABLE_STRICT_OBJC_MSGSEND = YES;
				ENABLE_TESTABILITY = YES;
				GCC_C_LANGUAGE_STANDARD = gnu99;
				GCC_DYNAMIC_NO_PIC = NO;
				GCC_NO_COMMON_BLOCKS = YES;
				GCC_OPTIMIZATION_LEVEL = 0;
				GCC_PREPROCESSOR_DEFINITIONS = (
					"DEBUG=1",
					"$(inherited)",
				);
				GCC_WARN_64_TO_32_BIT_CONVERSION = YES;
				GCC_WARN_ABOUT_RETURN_TYPE = YES_ERROR;
				GCC_WARN_UNDECLARED_SELECTOR = YES;
				GCC_WARN_UNINITIALIZED_AUTOS = YES_AGGRESSIVE;
				GCC_WARN_UNUSED_FUNCTION = YES;
				GCC_WARN_UNUSED_VARIABLE = YES;
				IPHONEOS_DEPLOYMENT_TARGET = 9.1;
				MTL_ENABLE_DEBUG_INFO = YES;
				ONLY_ACTIVE_ARCH = YES;
				SDKROOT = iphoneos;
				TARGETED_DEVICE_FAMILY = "1,2";
			};
			name = Debug;
		};
		B9C0632F1BE0CC2F00433F42 /* Release */ = {
			isa = XCBuildConfiguration;
			buildSettings = {
				ALWAYS_SEARCH_USER_PATHS = NO;
				CLANG_CXX_LANGUAGE_STANDARD = "gnu++0x";
				CLANG_CXX_LIBRARY = "libc++";
				CLANG_ENABLE_MODULES = YES;
				CLANG_ENABLE_OBJC_ARC = YES;
				CLANG_WARN_BOOL_CONVERSION = YES;
				CLANG_WARN_CONSTANT_CONVERSION = YES;
				CLANG_WARN_DIRECT_OBJC_ISA_USAGE = YES_ERROR;
				CLANG_WARN_EMPTY_BODY = YES;
				CLANG_WARN_ENUM_CONVERSION = YES;
				CLANG_WARN_INT_CONVERSION = YES;
				CLANG_WARN_OBJC_ROOT_CLASS = YES_ERROR;
				CLANG_WARN_UNREACHABLE_CODE = YES;
				CLANG_WARN__DUPLICATE_METHOD_MATCH = YES;
				"CODE_SIGN_IDENTITY[sdk=iphoneos*]" = "iPhone Developer";
				COPY_PHASE_STRIP = NO;
				DEBUG_INFORMATION_FORMAT = "dwarf-with-dsym";
				ENABLE_NS_ASSERTIONS = NO;
				ENABLE_STRICT_OBJC_MSGSEND = YES;
				GCC_C_LANGUAGE_STANDARD = gnu99;
				GCC_NO_COMMON_BLOCKS = YES;
				GCC_WARN_64_TO_32_BIT_CONVERSION = YES;
				GCC_WARN_ABOUT_RETURN_TYPE = YES_ERROR;
				GCC_WARN_UNDECLARED_SELECTOR = YES;
				GCC_WARN_UNINITIALIZED_AUTOS = YES_AGGRESSIVE;
				GCC_WARN_UNUSED_FUNCTION = YES;
				GCC_WARN_UNUSED_VARIABLE = YES;
				IPHONEOS_DEPLOYMENT_TARGET = 9.1;
				MTL_ENABLE_DEBUG_INFO = NO;
				SDKROOT = iphoneos;
				TARGETED_DEVICE_FAMILY = "1,2";
				VALIDATE_PRODUCT = YES;
			};
			name = Release;
		};
		B9C063311BE0CC2F00433F42 /* Debug */ = {
			isa = XCBuildConfiguration;
			buildSettings = {
				ASSETCATALOG_COMPILER_APPICON_NAME = AppIcon;
				GCC_PRECOMPILE_PREFIX_HEADER = NO;
				GCC_PREFIX_HEADER = "$(SRCROOT)/AppUITemplate/PrefixHeader.pch";
				INFOPLIST_FILE = AppUITemplate/Info.plist;
				LD_RUNPATH_SEARCH_PATHS = "$(inherited) @executable_path/Frameworks";
				PRODUCT_BUNDLE_IDENTIFIER = com.jumperworker.ScrollViewDemo.AppUITemplate;
				PRODUCT_NAME = "$(TARGET_NAME)";
			};
			name = Debug;
		};
		B9C063321BE0CC2F00433F42 /* Release */ = {
			isa = XCBuildConfiguration;
			buildSettings = {
				ASSETCATALOG_COMPILER_APPICON_NAME = AppIcon;
				GCC_PRECOMPILE_PREFIX_HEADER = NO;
				GCC_PREFIX_HEADER = "$(SRCROOT)/AppUITemplate/PrefixHeader.pch";
				INFOPLIST_FILE = AppUITemplate/Info.plist;
				LD_RUNPATH_SEARCH_PATHS = "$(inherited) @executable_path/Frameworks";
				PRODUCT_BUNDLE_IDENTIFIER = com.jumperworker.ScrollViewDemo.AppUITemplate;
				PRODUCT_NAME = "$(TARGET_NAME)";
			};
			name = Release;
		};
/* End XCBuildConfiguration section */

/* Begin XCConfigurationList section */
		B9C063111BE0CC2F00433F42 /* Build configuration list for PBXProject "AppUITemplate" */ = {
			isa = XCConfigurationList;
			buildConfigurations = (
				B9C0632E1BE0CC2F00433F42 /* Debug */,
				B9C0632F1BE0CC2F00433F42 /* Release */,
			);
			defaultConfigurationIsVisible = 0;
			defaultConfigurationName = Release;
		};
		B9C063301BE0CC2F00433F42 /* Build configuration list for PBXNativeTarget "AppUITemplate" */ = {
			isa = XCConfigurationList;
			buildConfigurations = (
				B9C063311BE0CC2F00433F42 /* Debug */,
				B9C063321BE0CC2F00433F42 /* Release */,
			);
			defaultConfigurationIsVisible = 0;
			defaultConfigurationName = Release;
		};
/* End XCConfigurationList section */

/* Begin XCVersionGroup section */
		B9C063251BE0CC2F00433F42 /* AppUITemplate.xcdatamodeld */ = {
			isa = XCVersionGroup;
			children = (
				B9C063261BE0CC2F00433F42 /* AppUITemplate.xcdatamodel */,
			);
			currentVersion = B9C063261BE0CC2F00433F42 /* AppUITemplate.xcdatamodel */;
			path = AppUITemplate.xcdatamodeld;
			sourceTree = "<group>";
			versionGroupType = wrapper.xcdatamodel;
		};
		B9FD20851BE217C400784C96 /* iOSAppTemplate.xcdatamodeld */ = {
			isa = XCVersionGroup;
			children = (
				B9FD20861BE217C400784C96 /* iOSAppTemplate.xcdatamodel */,
			);
			currentVersion = B9FD20861BE217C400784C96 /* iOSAppTemplate.xcdatamodel */;
			path = iOSAppTemplate.xcdatamodeld;
			sourceTree = "<group>";
			versionGroupType = wrapper.xcdatamodel;
		};
/* End XCVersionGroup section */
	};
	rootObject = B9C0630E1BE0CC2F00433F42 /* Project object */;
}
